summary: flock(1) locks files
webpage: https://github.com/discoteq/flock
version: 0.4.0
bin-url: https://github.com/leleliu008/uppm-package-repository-macos-11.0-arm64/releases/download/2024.06.16/flock-0.4.0-macos-11.0-arm64.tar.xz
bin-sha: 128e91a395dd110036095e866d5f6348127d6cdf573c963402d9076feadf3bf4
